# Generated by buf. DO NOT EDIT.
version: v1
deps:
  - remote: buf.build
    owner: googleapis
    repository: googleapis
    branch: main
    commit: 437e9574b5604dbba14684f76f5b45a9
  - remote: buf.build
    owner: grpc-ecosystem
    repository: grpc-gateway
    branch: main
    commit: ff83506eb9cc4cf8972f49ce87e6ed3e
  - remote: buf.build
    owner: imerkle
    repository: protoc-gen-gorm
    branch: main
    commit: fc9a5d2d859349a2a668c2ca459ed1f0
